// !$*UTF8*$!
{
	archiveVersion = 1;
	classes = {
	};
	objectVersion = 46;
	objects = {

/* Begin PBXBuildFile section */
		5F48137B1D85116000A7374E /* AppDelegate.swift in Sources */ = {isa = PBXBuildFile; fileRef = 5F48137A1D85116000A7374E /* AppDelegate.swift */; };
		5F48137D1D85116000A7374E /* ViewController.swift in Sources */ = {isa = PBXBuildFile; fileRef = 5F48137C1D85116000A7374E /* ViewController.swift */; };
		5F4813801D85116000A7374E /* Main.storyboard in Resources */ = {isa = PBXBuildFile; fileRef = 5F48137E1D85116000A7374E /* Main.storyboard */; };
		5F4813821D85116000A7374E /* Assets.xcassets in Resources */ = {isa = PBXBuildFile; fileRef = 5F4813811D85116000A7374E /* Assets.xcassets */; };
		5F4813851D85116000A7374E /* LaunchScreen.storyboard in Resources */ = {isa = PBXBuildFile; fileRef = 5F4813831D85116000A7374E /* LaunchScreen.storyboard */; };
		5F4813901D85116000A7374E /* clTests.swift in Sources */ = {isa = PBXBuildFile; fileRef = 5F48138F1D85116000A7374E /* clTests.swift */; };
		5F48139B1D85116000A7374E /* clUITests.swift in Sources */ = {isa = PBXBuildFile; fileRef = 5F48139A1D85116000A7374E /* clUITests.swift */; };
		5F4813AB1D86B32300A7374E /* WebView.swift in Sources */ = {isa = PBXBuildFile; fileRef = 5F4813AA1D86B32300A7374E /* WebView.swift */; };
		5F6887791D968E8C00526E74 /* Fecth.swift in Sources */ = {isa = PBXBuildFile; fileRef = 5F6887781D968E8C00526E74 /* Fecth.swift */; };
		5F68877B1D97B60800526E74 /* Modal.swift in Sources */ = {isa = PBXBuildFile; fileRef = 5F68877A1D97B60800526E74 /* Modal.swift */; };
		5F68877D1D98FB2C00526E74 /* Theme.swift in Sources */ = {isa = PBXBuildFile; fileRef = 5F68877C1D98FB2C00526E74 /* Theme.swift */; };
		5F9026D21D8EAC3800458AD8 /* Camera.swift in Sources */ = {isa = PBXBuildFile; fileRef = 5F9026D11D8EAC3800458AD8 /* Camera.swift */; };
		5F9026D41D8EEED800458AD8 /* CameraViewController.swift in Sources */ = {isa = PBXBuildFile; fileRef = 5F9026D31D8EEED800458AD8 /* CameraViewController.swift */; };
		5F9026D81D8FD1C900458AD8 /* Router.swift in Sources */ = {isa = PBXBuildFile; fileRef = 5F9026D71D8FD1C900458AD8 /* Router.swift */; };
		5F9026DA1D90D33F00458AD8 /* ImageCache.swift in Sources */ = {isa = PBXBuildFile; fileRef = 5F9026D91D90D33F00458AD8 /* ImageCache.swift */; };
		5F9026DD1D90E88700458AD8 /* md5-Bridging-Header.m in Sources */ = {isa = PBXBuildFile; fileRef = 5F9026DC1D90E88700458AD8 /* md5-Bridging-Header.m */; };
		5F9026DF1D90E8FC00458AD8 /* StringMd5.swift in Sources */ = {isa = PBXBuildFile; fileRef = 5F9026DE1D90E8FC00458AD8 /* StringMd5.swift */; };
/* End PBXBuildFile section */

/* Begin PBXContainerItemProxy section */
		5F48138C1D85116000A7374E /* PBXContainerItemProxy */ = {
			isa = PBXContainerItemProxy;
			containerPortal = 5F48136F1D85116000A7374E /* Project object */;
			proxyType = 1;
			remoteGlobalIDString = 5F4813761D85116000A7374E;
			remoteInfo = cl;
		};
		5F4813971D85116000A7374E /* PBXContainerItemProxy */ = {
			isa = PBXContainerItemProxy;
			containerPortal = 5F48136F1D85116000A7374E /* Project object */;
			proxyType = 1;
			remoteGlobalIDString = 5F4813761D85116000A7374E;
			remoteInfo = cl;
		};
/* End PBXContainerItemProxy section */

/* Begin PBXFileReference section */
		5F4813771D85116000A7374E /* cl.app */ = {isa = PBXFileReference; explicitFileType = wrapper.application; includeInIndex = 0; path = cl.app; sourceTree = BUILT_PRODUCTS_DIR; };
		5F48137A1D85116000A7374E /* AppDelegate.swift */ = {isa = PBXFileReference; lastKnownFileType = sourcecode.swift; path = AppDelegate.swift; sourceTree = "<group>"; };
		5F48137C1D85116000A7374E /* ViewController.swift */ = {isa = PBXFileReference; lastKnownFileType = sourcecode.swift; path = ViewController.swift; sourceTree = "<group>"; };
		5F48137F1D85116000A7374E /* Base */ = {isa = PBXFileReference; lastKnownFileType = file.storyboard; name = Base; path = Base.lproj/Main.storyboard; sourceTree = "<group>"; };
		5F4813811D85116000A7374E /* Assets.xcassets */ = {isa = PBXFileReference; lastKnownFileType = folder.assetcatalog; path = Assets.xcassets; sourceTree = "<group>"; };
		5F4813841D85116000A7374E /* Base */ = {isa = PBXFileReference; lastKnownFileType = file.storyboard; name = Base; path = Base.lproj/LaunchScreen.storyboard; sourceTree = "<group>"; };
		5F4813861D85116000A7374E /* Info.plist */ = {isa = PBXFileReference; lastKnownFileType = text.plist.xml; path = Info.plist; sourceTree = "<group>"; };
		5F48138B1D85116000A7374E /* clTests.xctest */ = {isa = PBXFileReference; explicitFileType = wrapper.cfbundle; includeInIndex = 0; path = clTests.xctest; sourceTree = BUILT_PRODUCTS_DIR; };
		5F48138F1D85116000A7374E /* clTests.swift */ = {isa = PBXFileReference; lastKnownFileType = sourcecode.swift; path = clTests.swift; sourceTree = "<group>"; };
		5F4813911D85116000A7374E /* Info.plist */ = {isa = PBXFileReference; lastKnownFileType = text.plist.xml; path = Info.plist; sourceTree = "<group>"; };
		5F4813961D85116000A7374E /* clUITests.xctest */ = {isa = PBXFileReference; explicitFileType = wrapper.cfbundle; includeInIndex = 0; path = clUITests.xctest; sourceTree = BUILT_PRODUCTS_DIR; };
		5F48139A1D85116000A7374E /* clUITests.swift */ = {isa = PBXFileReference; lastKnownFileType = sourcecode.swift; path = clUITests.swift; sourceTree = "<group>"; };
		5F48139C1D85116000A7374E /* Info.plist */ = {isa = PBXFileReference; lastKnownFileType = text.plist.xml; path = Info.plist; sourceTree = "<group>"; };
		5F4813AA1D86B32300A7374E /* WebView.swift */ = {isa = PBXFileReference; fileEncoding = 4; lastKnownFileType = sourcecode.swift; path = WebView.swift; sourceTree = "<group>"; };
		5F6887781D968E8C00526E74 /* Fecth.swift */ = {isa = PBXFileReference; fileEncoding = 4; lastKnownFileType = sourcecode.swift; path = Fecth.swift; sourceTree = "<group>"; };
		5F68877A1D97B60800526E74 /* Modal.swift */ = {isa = PBXFileReference; fileEncoding = 4; lastKnownFileType = sourcecode.swift; path = Modal.swift; sourceTree = "<group>"; };
		5F68877C1D98FB2C00526E74 /* Theme.swift */ = {isa = PBXFileReference; fileEncoding = 4; lastKnownFileType = sourcecode.swift; path = Theme.swift; sourceTree = "<group>"; };
		5F9026D11D8EAC3800458AD8 /* Camera.swift */ = {isa = PBXFileReference; fileEncoding = 4; lastKnownFileType = sourcecode.swift; path = Camera.swift; sourceTree = "<group>"; };
		5F9026D31D8EEED800458AD8 /* CameraViewController.swift */ = {isa = PBXFileReference; fileEncoding = 4; lastKnownFileType = sourcecode.swift; path = CameraViewController.swift; sourceTree = "<group>"; };
		5F9026D71D8FD1C900458AD8 /* Router.swift */ = {isa = PBXFileReference; fileEncoding = 4; lastKnownFileType = sourcecode.swift; path = Router.swift; sourceTree = "<group>"; };
		5F9026D91D90D33F00458AD8 /* ImageCache.swift */ = {isa = PBXFileReference; fileEncoding = 4; lastKnownFileType = sourcecode.swift; path = ImageCache.swift; sourceTree = "<group>"; };
		5F9026DB1D90E88600458AD8 /* cl-Bridging-Header.h */ = {isa = PBXFileReference; lastKnownFileType = sourcecode.c.h; path = "cl-Bridging-Header.h"; sourceTree = "<group>"; };
		5F9026DC1D90E88700458AD8 /* md5-Bridging-Header.m */ = {isa = PBXFileReference; fileEncoding = 4; lastKnownFileType = sourcecode.c.objc; path = "md5-Bridging-Header.m"; sourceTree = "<group>"; };
		5F9026DE1D90E8FC00458AD8 /* StringMd5.swift */ = {isa = PBXFileReference; fileEncoding = 4; lastKnownFileType = sourcecode.swift; path = StringMd5.swift; sourceTree = "<group>"; };
/* End PBXFileReference section */

/* Begin PBXFrameworksBuildPhase section */
		5F4813741D85116000A7374E /* Frameworks */ = {
			isa = PBXFrameworksBuildPhase;
			buildActionMask = 2147483647;
			files = (
			);
			runOnlyForDeploymentPostprocessing = 0;
		};
		5F4813881D85116000A7374E /* Frameworks */ = {
			isa = PBXFrameworksBuildPhase;
			buildActionMask = 2147483647;
			files = (
			);
			runOnlyForDeploymentPostprocessing = 0;
		};
		5F4813931D85116000A7374E /* Frameworks */ = {
			isa = PBXFrameworksBuildPhase;
			buildActionMask = 2147483647;
			files = (
			);
			runOnlyForDeploymentPostprocessing = 0;
		};
/* End PBXFrameworksBuildPhase section */

/* Begin PBXGroup section */
		5F48136E1D85116000A7374E = {
			isa = PBXGroup;
			children = (
				5F4813791D85116000A7374E /* cl */,
				5F48138E1D85116000A7374E /* clTests */,
				5F4813991D85116000A7374E /* clUITests */,
				5F4813781D85116000A7374E /* Products */,
			);
			sourceTree = "<group>";
		};
		5F4813781D85116000A7374E /* Products */ = {
			isa = PBXGroup;
			children = (
				5F4813771D85116000A7374E /* cl.app */,
				5F48138B1D85116000A7374E /* clTests.xctest */,
				5F4813961D85116000A7374E /* clUITests.xctest */,
			);
			name = Products;
			sourceTree = "<group>";
		};
		5F4813791D85116000A7374E /* cl */ = {
			isa = PBXGroup;
			children = (
				5F48137A1D85116000A7374E /* AppDelegate.swift */,
				5F48137C1D85116000A7374E /* ViewController.swift */,
				5F48137E1D85116000A7374E /* Main.storyboard */,
				5F4813811D85116000A7374E /* Assets.xcassets */,
				5F4813831D85116000A7374E /* LaunchScreen.storyboard */,
				5F4813861D85116000A7374E /* Info.plist */,
				5F4813AA1D86B32300A7374E /* WebView.swift */,
				5F9026D11D8EAC3800458AD8 /* Camera.swift */,
				5F9026D31D8EEED800458AD8 /* CameraViewController.swift */,
				5F9026D71D8FD1C900458AD8 /* Router.swift */,
				5F9026D91D90D33F00458AD8 /* ImageCache.swift */,
				5F9026DC1D90E88700458AD8 /* md5-Bridging-Header.m */,
				5F9026DB1D90E88600458AD8 /* cl-Bridging-Header.h */,
				5F9026DE1D90E8FC00458AD8 /* StringMd5.swift */,
				5F6887781D968E8C00526E74 /* Fecth.swift */,
				5F68877A1D97B60800526E74 /* Modal.swift */,
				5F68877C1D98FB2C00526E74 /* Theme.swift */,
			);
			path = cl;
			sourceTree = "<group>";
		};
		5F48138E1D85116000A7374E /* clTests */ = {
			isa = PBXGroup;
			children = (
				5F48138F1D85116000A7374E /* clTests.swift */,
				5F4813911D85116000A7374E /* Info.plist */,
			);
			path = clTests;
			sourceTree = "<group>";
		};
		5F4813991D85116000A7374E /* clUITests */ = {
			isa = PBXGroup;
			children = (
				5F48139A1D85116000A7374E /* clUITests.swift */,
				5F48139C1D85116000A7374E /* Info.plist */,
			);
			path = clUITests;
			sourceTree = "<group>";
		};
/* End PBXGroup section */

/* Begin PBXNativeTarget section */
		5F4813761D85116000A7374E /* cl */ = {
			isa = PBXNativeTarget;
			buildConfigurationList = 5F48139F1D85116000A7374E /* Build configuration list for PBXNativeTarget "cl" */;
			buildPhases = (
				5F4813731D85116000A7374E /* Sources */,
				5F4813741D85116000A7374E /* Frameworks */,
				5F4813751D85116000A7374E /* Resources */,
			);
			buildRules = (
			);
			dependencies = (
			);
			name = cl;
			productName = cl;
			productReference = 5F4813771D85116000A7374E /* cl.app */;
			productType = "com.apple.product-type.application";
		};
		5F48138A1D85116000A7374E /* clTests */ = {
			isa = PBXNativeTarget;
			buildConfigurationList = 5F4813A21D85116000A7374E /* Build configuration list for PBXNativeTarget "clTests" */;
			buildPhases = (
				5F4813871D85116000A7374E /* Sources */,
				5F4813881D85116000A7374E /* Frameworks */,
				5F4813891D85116000A7374E /* Resources */,
			);
			buildRules = (
			);
			dependencies = (
				5F48138D1D85116000A7374E /* PBXTargetDependency */,
			);
			name = clTests;
			productName = clTests;
			productReference = 5F48138B1D85116000A7374E /* clTests.xctest */;
			productType = "com.apple.product-type.bundle.unit-test";
		};
		5F4813951D85116000A7374E /* clUITests */ = {
			isa = PBXNativeTarget;
			buildConfigurationList = 5F4813A51D85116000A7374E /* Build configuration list for PBXNativeTarget "clUITests" */;
			buildPhases = (
				5F4813921D85116000A7374E /* Sources */,
				5F4813931D85116000A7374E /* Frameworks */,
				5F4813941D85116000A7374E /* Resources */,
			);
			buildRules = (
			);
			dependencies = (
				5F4813981D85116000A7374E /* PBXTargetDependency */,
			);
			name = clUITests;
			productName = clUITests;
			productReference = 5F4813961D85116000A7374E /* clUITests.xctest */;
			productType = "com.apple.product-type.bundle.ui-testing";
		};
/* End PBXNativeTarget section */

/* Begin PBXProject section */
		5F48136F1D85116000A7374E /* Project object */ = {
			isa = PBXProject;
			attributes = {
				LastSwiftUpdateCheck = 0730;
				LastUpgradeCheck = 0730;
				ORGANIZATIONNAME = wujiadong;
				TargetAttributes = {
					5F4813761D85116000A7374E = {
						CreatedOnToolsVersion = 7.3.1;
						DevelopmentTeam = E2NXYK26AZ;
						LastSwiftMigration = 0800;
					};
					5F48138A1D85116000A7374E = {
						CreatedOnToolsVersion = 7.3.1;
						LastSwiftMigration = 0800;
						TestTargetID = 5F4813761D85116000A7374E;
					};
					5F4813951D85116000A7374E = {
						CreatedOnToolsVersion = 7.3.1;
						LastSwiftMigration = 0800;
						TestTargetID = 5F4813761D85116000A7374E;
					};
				};
			};
			buildConfigurationList = 5F4813721D85116000A7374E /* Build configuration list for PBXProject "cl" */;
			compatibilityVersion = "Xcode 3.2";
			developmentRegion = English;
			hasScannedForEncodings = 0;
			knownRegions = (
				en,
				Base,
			);
			mainGroup = 5F48136E1D85116000A7374E;
			productRefGroup = 5F4813781D85116000A7374E /* Products */;
			projectDirPath = "";
			projectRoot = "";
			targets = (
				5F4813761D85116000A7374E /* cl */,
				5F48138A1D85116000A7374E /* clTests */,
				5F4813951D85116000A7374E /* clUITests */,
			);
		};
/* End PBXProject section */

/* Begin PBXResourcesBuildPhase section */
		5F4813751D85116000A7374E /* Resources */ = {
			isa = PBXResourcesBuildPhase;
			buildActionMask = 2147483647;
			files = (
				5F4813851D85116000A7374E /* LaunchScreen.storyboard in Resources */,
				5F4813821D85116000A7374E /* Assets.xcassets in Resources */,
				5F4813801D85116000A7374E /* Main.storyboard in Resources */,
			);
			runOnlyForDeploymentPostprocessing = 0;
		};
		5F4813891D85116000A7374E /* Resources */ = {
			isa = PBXResourcesBuildPhase;
			buildActionMask = 2147483647;
			files = (
			);
			runOnlyForDeploymentPostprocessing = 0;
		};
		5F4813941D85116000A7374E /* Resources */ = {
			isa = PBXResourcesBuildPhase;
			buildActionMask = 2147483647;
			files = (
			);
			runOnlyForDeploymentPostprocessing = 0;
		};
/* End PBXResourcesBuildPhase section */

/* Begin PBXSourcesBuildPhase section */
		5F4813731D85116000A7374E /* Sources */ = {
			isa = PBXSourcesBuildPhase;
			buildActionMask = 2147483647;
			files = (
				5F68877B1D97B60800526E74 /* Modal.swift in Sources */,
				5F9026D21D8EAC3800458AD8 /* Camera.swift in Sources */,
				5F6887791D968E8C00526E74 /* Fecth.swift in Sources */,
				5F9026D41D8EEED800458AD8 /* CameraViewController.swift in Sources */,
				5F9026DF1D90E8FC00458AD8 /* StringMd5.swift in Sources */,
				5F68877D1D98FB2C00526E74 /* Theme.swift in Sources */,
				5F4813AB1D86B32300A7374E /* WebView.swift in Sources */,
				5F48137D1D85116000A7374E /* ViewController.swift in Sources */,
				5F9026D81D8FD1C900458AD8 /* Router.swift in Sources */,
				5F9026DA1D90D33F00458AD8 /* ImageCache.swift in Sources */,
				5F48137B1D85116000A7374E /* AppDelegate.swift in Sources */,
				5F9026DD1D90E88700458AD8 /* md5-Bridging-Header.m in Sources */,
			);
			runOnlyForDeploymentPostprocessing = 0;
		};
		5F4813871D85116000A7374E /* Sources */ = {
			isa = PBXSourcesBuildPhase;
			buildActionMask = 2147483647;
			files = (
				5F4813901D85116000A7374E /* clTests.swift in Sources */,
			);
			runOnlyForDeploymentPostprocessing = 0;
		};
		5F4813921D85116000A7374E /* Sources */ = {
			isa = PBXSourcesBuildPhase;
			buildActionMask = 2147483647;
			files = (
				5F48139B1D85116000A7374E /* clUITests.swift in Sources */,
			);
			runOnlyForDeploymentPostprocessing = 0;
		};
/* End PBXSourcesBuildPhase section */

/* Begin PBXTargetDependency section */
		5F48138D1D85116000A7374E /* PBXTargetDependency */ = {
			isa = PBXTargetDependency;
			target = 5F4813761D85116000A7374E /* cl */;
			targetProxy = 5F48138C1D85116000A7374E /* PBXContainerItemProxy */;
		};
		5F4813981D85116000A7374E /* PBXTargetDependency */ = {
			isa = PBXTargetDependency;
			target = 5F4813761D85116000A7374E /* cl */;
			targetProxy = 5F4813971D85116000A7374E /* PBXContainerItemProxy */;
		};
/* End PBXTargetDependency section */

/* Begin PBXVariantGroup section */
		5F48137E1D85116000A7374E /* Main.storyboard */ = {
			isa = PBXVariantGroup;
			children = (
				5F48137F1D85116000A7374E /* Base */,
			);
			name = Main.storyboard;
			sourceTree = "<group>";
		};
		5F4813831D85116000A7374E /* LaunchScreen.storyboard */ = {
			isa = PBXVariantGroup;
			children = (
				5F4813841D85116000A7374E /* Base */,
			);
			name = LaunchScreen.storyboard;
			sourceTree = "<group>";
		};
/* End PBXVariantGroup section */

/* Begin XCBuildConfiguration section */
		5F48139D1D85116000A7374E /* Debug */ = {
			isa = XCBuildConfiguration;
			buildSettings = {
				ALWAYS_SEARCH_USER_PATHS = NO;
				CLANG_ANALYZER_NONNULL = YES;
				CLANG_CXX_LANGUAGE_STANDARD = "gnu++0x";
				CLANG_CXX_LIBRARY = "libc++";
				CLANG_ENABLE_MODULES = YES;
				CLANG_ENABLE_OBJC_ARC = YES;
				CLANG_WARN_BOOL_CONVERSION = YES;
				CLANG_WARN_CONSTANT_CONVERSION = YES;
				CLANG_WARN_DIRECT_OBJC_ISA_USAGE = YES_ERROR;
				CLANG_WARN_EMPTY_BODY = YES;
				CLANG_WARN_ENUM_CONVERSION = YES;
				CLANG_WARN_INT_CONVERSION = YES;
				CLANG_WARN_OBJC_ROOT_CLASS = YES_ERROR;
				CLANG_WARN_UNREACHABLE_CODE = YES;
				CLANG_WARN__DUPLICATE_METHOD_MATCH = YES;
				"CODE_SIGN_IDENTITY[sdk=iphoneos*]" = "iPhone Developer";
				COPY_PHASE_STRIP = NO;
				DEBUG_INFORMATION_FORMAT = dwarf;
				ENABLE_STRICT_OBJC_MSGSEND = YES;
				ENABLE_TESTABILITY = YES;
				GCC_C_LANGUAGE_STANDARD = gnu99;
				GCC_DYNAMIC_NO_PIC = NO;
				GCC_NO_COMMON_BLOCKS = YES;
				GCC_OPTIMIZATION_LEVEL = 0;
				GCC_PREPROCESSOR_DEFINITIONS = (
					"DEBUG=1",
					"$(inherited)",
				);
				GCC_WARN_64_TO_32_BIT_CONVERSION = YES;
				GCC_WARN_ABOUT_RETURN_TYPE = YES_ERROR;
				GCC_WARN_UNDECLARED_SELECTOR = YES;
				GCC_WARN_UNINITIALIZED_AUTOS = YES_AGGRESSIVE;
				GCC_WARN_UNUSED_FUNCTION = YES;
				GCC_WARN_UNUSED_VARIABLE = YES;
				IPHONEOS_DEPLOYMENT_TARGET = 9.3;
				MTL_ENABLE_DEBUG_INFO = YES;
				ONLY_ACTIVE_ARCH = YES;
				SDKROOT = iphoneos;
				SWIFT_OPTIMIZATION_LEVEL = "-Onone";
			};
			name = Debug;
		};
		5F48139E1D85116000A7374E /* Release */ = {
			isa = XCBuildConfiguration;
			buildSettings = {
				ALWAYS_SEARCH_USER_PATHS = NO;
				CLANG_ANALYZER_NONNULL = YES;
				CLANG_CXX_LANGUAGE_STANDARD = "gnu++0x";
				CLANG_CXX_LIBRARY = "libc++";
				CLANG_ENABLE_MODULES = YES;
				CLANG_ENABLE_OBJC_ARC = YES;
				CLANG_WARN_BOOL_CONVERSION = YES;
				CLANG_WARN_CONSTANT_CONVERSION = YES;
				CLANG_WARN_DIRECT_OBJC_ISA_USAGE = YES_ERROR;
				CLANG_WARN_EMPTY_BODY = YES;
				CLANG_WARN_ENUM_CONVERSION = YES;
				CLANG_WARN_INT_CONVERSION = YES;
				CLANG_WARN_OBJC_ROOT_CLASS = YES_ERROR;
				CLANG_WARN_UNREACHABLE_CODE = YES;
				CLANG_WARN__DUPLICATE_METHOD_MATCH = YES;
				"CODE_SIGN_IDENTITY[sdk=iphoneos*]" = "iPhone Developer";
				COPY_PHASE_STRIP = NO;
				DEBUG_INFORMATION_FORMAT = "dwarf-with-dsym";
				ENABLE_NS_ASSERTIONS = NO;
				ENABLE_STRICT_OBJC_MSGSEND = YES;
				GCC_C_LANGUAGE_STANDARD = gnu99;
				GCC_NO_COMMON_BLOCKS = YES;
				GCC_WARN_64_TO_32_BIT_CONVERSION = YES;
				GCC_WARN_ABOUT_RETURN_TYPE = YES_ERROR;
				GCC_WARN_UNDECLARED_SELECTOR = YES;
				GCC_WARN_UNINITIALIZED_AUTOS = YES_AGGRESSIVE;
				GCC_WARN_UNUSED_FUNCTION = YES;
				GCC_WARN_UNUSED_VARIABLE = YES;
				IPHONEOS_DEPLOYMENT_TARGET = 9.3;
				MTL_ENABLE_DEBUG_INFO = NO;
				SDKROOT = iphoneos;
				VALIDATE_PRODUCT = YES;
			};
			name = Release;
		};
		5F4813A01D85116000A7374E /* Debug */ = {
			isa = XCBuildConfiguration;
			buildSettings = {
				ASSETCATALOG_COMPILER_APPICON_NAME = AppIcon;
				CLANG_ENABLE_MODULES = YES;
				DEVELOPMENT_TEAM = E2NXYK26AZ;
				INFOPLIST_FILE = cl/Info.plist;
				IPHONEOS_DEPLOYMENT_TARGET = 10.0;
				LD_RUNPATH_SEARCH_PATHS = "$(inherited) @executable_path/Frameworks";
				PRODUCT_BUNDLE_IDENTIFIER = caoliushequ.cl;
				PRODUCT_NAME = "$(TARGET_NAME)";
				SWIFT_OBJC_BRIDGING_HEADER = "cl/cl-Bridging-Header.h";
				SWIFT_OPTIMIZATION_LEVEL = "-Onone";
				SWIFT_VERSION = 3.0;
			};
			name = Debug;
		};
		5F4813A11D85116000A7374E /* Release */ = {
			isa = XCBuildConfiguration;
			buildSettings = {
				ASSETCATALOG_COMPILER_APPICON_NAME = AppIcon;
				CLANG_ENABLE_MODULES = YES;
				DEVELOPMENT_TEAM = E2NXYK26AZ;
				INFOPLIST_FILE = cl/Info.plist;
				IPHONEOS_DEPLOYMENT_TARGET = 10.0;
				LD_RUNPATH_SEARCH_PATHS = "$(inherited) @executable_path/Frameworks";
				PRODUCT_BUNDLE_IDENTIFIER = caoliushequ.cl;
				PRODUCT_NAME = "$(TARGET_NAME)";
				SWIFT_OBJC_BRIDGING_HEADER = "cl/cl-Bridging-Header.h";
				SWIFT_VERSION = 3.0;
			};
			name = Release;
		};
		5F4813A31D85116000A7374E /* Debug */ = {
			isa = XCBuildConfiguration;
			buildSettings = {
				BUNDLE_LOADER = "$(TEST_HOST)";
				INFOPLIST_FILE = clTests/Info.plist;
				LD_RUNPATH_SEARCH_PATHS = "$(inherited) @executable_path/Frameworks @loader_path/Frameworks";
				PRODUCT_BUNDLE_IDENTIFIER = caoliushequ.clTests;
				PRODUCT_NAME = "$(TARGET_NAME)";
				SWIFT_VERSION = 3.0;
				TEST_HOST = "$(BUILT_PRODUCTS_DIR)/cl.app/cl";
			};
			name = Debug;
		};
		5F4813A41D85116000A7374E /* Release */ = {
			isa = XCBuildConfiguration;
			buildSettings = {
				BUNDLE_LOADER = "$(TEST_HOST)";
				INFOPLIST_FILE = clTests/Info.plist;
				LD_RUNPATH_SEARCH_PATHS = "$(inherited) @executable_path/Frameworks @loader_path/Frameworks";
				PRODUCT_BUNDLE_IDENTIFIER = caoliushequ.clTests;
				PRODUCT_NAME = "$(TARGET_NAME)";
				SWIFT_VERSION = 3.0;
				TEST_HOST = "$(BUILT_PRODUCTS_DIR)/cl.app/cl";
			};
			name = Release;
		};
		5F4813A61D85116000A7374E /* Debug */ = {
			isa = XCBuildConfiguration;
			buildSettings = {
				INFOPLIST_FILE = clUITests/Info.plist;
				LD_RUNPATH_SEARCH_PATHS = "$(inherited) @executable_path/Frameworks @loader_path/Frameworks";
				PRODUCT_BUNDLE_IDENTIFIER = caoliushequ.clUITests;
				PRODUCT_NAME = "$(TARGET_NAME)";
				SWIFT_VERSION = 3.0;
				TEST_TARGET_NAME = cl;
			};
			name = Debug;
		};
		5F4813A71D85116000A7374E /* Release */ = {
			isa = XCBuildConfiguration;
			buildSettings = {
				INFOPLIST_FILE = clUITests/Info.plist;
				LD_RUNPATH_SEARCH_PATHS = "$(inherited) @executable_path/Frameworks @loader_path/Frameworks";
				PRODUCT_BUNDLE_IDENTIFIER = caoliushequ.clUITests;
				PRODUCT_NAME = "$(TARGET_NAME)";
				SWIFT_VERSION = 3.0;
				TEST_TARGET_NAME = cl;
			};
			name = Release;
		};
/* End XCBuildConfiguration section */

/* Begin XCConfigurationList section */
		5F4813721D85116000A7374E /* Build configuration list for PBXProject "cl" */ = {
			isa = XCConfigurationList;
			buildConfigurations = (
				5F48139D1D85116000A7374E /* Debug */,
				5F48139E1D85116000A7374E /* Release */,
			);
			defaultConfigurationIsVisible = 0;
			defaultConfigurationName = Release;
		};
		5F48139F1D85116000A7374E /* Build configuration list for PBXNativeTarget "cl" */ = {
			isa = XCConfigurationList;
			buildConfigurations = (
				5F4813A01D85116000A7374E /* Debug */,
				5F4813A11D85116000A7374E /* Release */,
			);
			defaultConfigurationIsVisible = 0;
			defaultConfigurationName = Release;
		};
		5F4813A21D85116000A7374E /* Build configuration list for PBXNativeTarget "clTests" */ = {
			isa = XCConfigurationList;
			buildConfigurations = (
				5F4813A31D85116000A7374E /* Debug */,
				5F4813A41D85116000A7374E /* Release */,
			);
			defaultConfigurationIsVisible = 0;
			defaultConfigurationName = Release;
		};
		5F4813A51D85116000A7374E /* Build configuration list for PBXNativeTarget "clUITests" */ = {
			isa = XCConfigurationList;
			buildConfigurations = (
				5F4813A61D85116000A7374E /* Debug */,
				5F4813A71D85116000A7374E /* Release */,
			);
			defaultConfigurationIsVisible = 0;
			defaultConfigurationName = Release;
		};
/* End XCConfigurationList section */
	};
	rootObject = 5F48136F1D85116000A7374E /* Project object */;
}
